# This file was autogenerated by Stack.
# You should not edit this file by hand.
# For more information, please see the documentation at:
#   https://docs.haskellstack.org/en/stable/lock_files

packages:
- completed:
    hackage: aeson-lens-0.5.0.0@sha256:7b557d74d1f35ce47905d5ab65d9c87bb59843e24177341995d2bb1ceeb177fb,994
    pantry-tree:
      size: 261
      sha256: 603ccba7d86c40cf2e02139d3d843a07c6782edc94b0368947a13f2757fe39da
  original:
    hackage: aeson-lens-0.5.0.0
snapshots:
- completed:
    size: 534126
    url: https://raw.githubusercontent.com/commercialhaskell/stackage-snapshots/master/lts/16/31.yaml
    sha256: 637fb77049b25560622a224845b7acfe81a09fdb6a96a3c75997a10b651667f6
  original: lts-16.31
